// !$*UTF8*$!
{
	archiveVersion = 1;
	classes = {
	};
	objectVersion = 55;
	objects = {

/* Begin PBXBuildFile section */
		331D12DE2930B7A100197556 /* AppDelegate.swift in Sources */ = {isa = PBXBuildFile; fileRef = 331D12DD2930B7A100197556 /* AppDelegate.swift */; };
		331D12E02930B7A100197556 /* SceneDelegate.swift in Sources */ = {isa = PBXBuildFile; fileRef = 331D12DF2930B7A100197556 /* SceneDelegate.swift */; };
		331D12E52930B7A100197556 /* Main.storyboard in Resources */ = {isa = PBXBuildFile; fileRef = 331D12E32930B7A100197556 /* Main.storyboard */; };
		331D12E72930B7A300197556 /* Assets.xcassets in Resources */ = {isa = PBXBuildFile; fileRef = 331D12E62930B7A300197556 /* Assets.xcassets */; };
		331D12EA2930B7A300197556 /* LaunchScreen.storyboard in Resources */ = {isa = PBXBuildFile; fileRef = 331D12E82930B7A300197556 /* LaunchScreen.storyboard */; };
		33A459CE2935D37400090C37 /* DeviceTableViewCell.swift in Sources */ = {isa = PBXBuildFile; fileRef = 33A459CD2935D37400090C37 /* DeviceTableViewCell.swift */; };
		33C1326A2936FE0F00440610 /* HomeViewModel.swift in Sources */ = {isa = PBXBuildFile; fileRef = 33C132692936FE0F00440610 /* HomeViewModel.swift */; };
		33C1326C2936FE3800440610 /* HomeViewController.swift in Sources */ = {isa = PBXBuildFile; fileRef = 33C1326B2936FE3800440610 /* HomeViewController.swift */; };
		33C1327129374A4200440610 /* RxCocoa in Frameworks */ = {isa = PBXBuildFile; productRef = 33C1327029374A4200440610 /* RxCocoa */; };
		33C1327329374A4200440610 /* RxSwift in Frameworks */ = {isa = PBXBuildFile; productRef = 33C1327229374A4200440610 /* RxSwift */; };
		33C132742937537200440610 /* UHFSDK.framework in Frameworks */ = {isa = PBXBuildFile; fileRef = 331D12F12930B7E600197556 /* UHFSDK.framework */; };
		33C132752937537200440610 /* UHFSDK.framework in Embed Frameworks */ = {isa = PBXBuildFile; fileRef = 331D12F12930B7E600197556 /* UHFSDK.framework */; settings = {ATTRIBUTES = (CodeSignOnCopy, RemoveHeadersOnCopy, ); }; };
		33C13279293753D200440610 /* CocoaAsyncSocket.framework in Frameworks */ = {isa = PBXBuildFile; fileRef = 33C13277293753A100440610 /* CocoaAsyncSocket.framework */; };
		33C1327A293753D200440610 /* CocoaAsyncSocket.framework in Embed Frameworks */ = {isa = PBXBuildFile; fileRef = 33C13277293753A100440610 /* CocoaAsyncSocket.framework */; settings = {ATTRIBUTES = (CodeSignOnCopy, RemoveHeadersOnCopy, ); }; };
		33C1327D2937554F00440610 /* Extension.swift in Sources */ = {isa = PBXBuildFile; fileRef = 33C1327C2937554F00440610 /* Extension.swift */; };
		33E9DCDF29383A9400A9EDA7 /* AppInfo.swift in Sources */ = {isa = PBXBuildFile; fileRef = 33E9DCDE29383A9400A9EDA7 /* AppInfo.swift */; };
		33E9DCE129383BE200A9EDA7 /* BundleKey.swift in Sources */ = {isa = PBXBuildFile; fileRef = 33E9DCE029383BE200A9EDA7 /* BundleKey.swift */; };
/* End PBXBuildFile section */

/* Begin PBXCopyFilesBuildPhase section */
		33C132762937537200440610 /* Embed Frameworks */ = {
			isa = PBXCopyFilesBuildPhase;
			buildActionMask = 2147483647;
			dstPath = "";
			dstSubfolderSpec = 10;
			files = (
				33C1327A293753D200440610 /* CocoaAsyncSocket.framework in Embed Frameworks */,
				33C132752937537200440610 /* UHFSDK.framework in Embed Frameworks */,
			);
			name = "Embed Frameworks";
			runOnlyForDeploymentPostprocessing = 0;
		};
/* End PBXCopyFilesBuildPhase section */

/* Begin PBXFileReference section */
		331D12DA2930B7A100197556 /* UHFSampleSwift.app */ = {isa = PBXFileReference; explicitFileType = wrapper.application; includeInIndex = 0; path = UHFSampleSwift.app; sourceTree = BUILT_PRODUCTS_DIR; };
		331D12DD2930B7A100197556 /* AppDelegate.swift */ = {isa = PBXFileReference; lastKnownFileType = sourcecode.swift; path = AppDelegate.swift; sourceTree = "<group>"; };
		331D12DF2930B7A100197556 /* SceneDelegate.swift */ = {isa = PBXFileReference; lastKnownFileType = sourcecode.swift; path = SceneDelegate.swift; sourceTree = "<group>"; };
		331D12E42930B7A100197556 /* Base */ = {isa = PBXFileReference; lastKnownFileType = file.storyboard; name = Base; path = Base.lproj/Main.storyboard; sourceTree = "<group>"; };
		331D12E62930B7A300197556 /* Assets.xcassets */ = {isa = PBXFileReference; lastKnownFileType = folder.assetcatalog; path = Assets.xcassets; sourceTree = "<group>"; };
		331D12E92930B7A300197556 /* Base */ = {isa = PBXFileReference; lastKnownFileType = file.storyboard; name = Base; path = Base.lproj/LaunchScreen.storyboard; sourceTree = "<group>"; };
		331D12EB2930B7A300197556 /* Info.plist */ = {isa = PBXFileReference; lastKnownFileType = text.plist.xml; path = Info.plist; sourceTree = "<group>"; };
		331D12F12930B7E600197556 /* UHFSDK.framework */ = {isa = PBXFileReference; lastKnownFileType = wrapper.framework; path = UHFSDK.framework; sourceTree = "<group>"; };
		33A459CD2935D37400090C37 /* DeviceTableViewCell.swift */ = {isa = PBXFileReference; lastKnownFileType = sourcecode.swift; path = DeviceTableViewCell.swift; sourceTree = "<group>"; };
		33A459CF2935D90500090C37 /* SDK-Bridging-Header.h */ = {isa = PBXFileReference; lastKnownFileType = sourcecode.c.h; path = "SDK-Bridging-Header.h"; sourceTree = "<group>"; };
		33C132692936FE0F00440610 /* HomeViewModel.swift */ = {isa = PBXFileReference; lastKnownFileType = sourcecode.swift; path = HomeViewModel.swift; sourceTree = "<group>"; };
		33C1326B2936FE3800440610 /* HomeViewController.swift */ = {isa = PBXFileReference; lastKnownFileType = sourcecode.swift; path = HomeViewController.swift; sourceTree = "<group>"; };
		33C13277293753A100440610 /* CocoaAsyncSocket.framework */ = {isa = PBXFileReference; lastKnownFileType = wrapper.framework; path = CocoaAsyncSocket.framework; sourceTree = "<group>"; };
		33C1327C2937554F00440610 /* Extension.swift */ = {isa = PBXFileReference; lastKnownFileType = sourcecode.swift; path = Extension.swift; sourceTree = "<group>"; };
		33E9DCDE29383A9400A9EDA7 /* AppInfo.swift */ = {isa = PBXFileReference; lastKnownFileType = sourcecode.swift; path = AppInfo.swift; sourceTree = "<group>"; };
		33E9DCE029383BE200A9EDA7 /* BundleKey.swift */ = {isa = PBXFileReference; lastKnownFileType = sourcecode.swift; path = BundleKey.swift; sourceTree = "<group>"; };
/* End PBXFileReference section */

/* Begin PBXFrameworksBuildPhase section */
		331D12D72930B7A100197556 /* Frameworks */ = {
			isa = PBXFrameworksBuildPhase;
			buildActionMask = 2147483647;
			files = (
				33C1327329374A4200440610 /* RxSwift in Frameworks */,
				33C132742937537200440610 /* UHFSDK.framework in Frameworks */,
				33C13279293753D200440610 /* CocoaAsyncSocket.framework in Frameworks */,
				33C1327129374A4200440610 /* RxCocoa in Frameworks */,
			);
			runOnlyForDeploymentPostprocessing = 0;
		};
/* End PBXFrameworksBuildPhase section */

/* Begin PBXGroup section */
		331D12D12930B7A100197556 = {
			isa = PBXGroup;
			children = (
				331D12F12930B7E600197556 /* UHFSDK.framework */,
				33C13277293753A100440610 /* CocoaAsyncSocket.framework */,
				331D12DC2930B7A100197556 /* UHFSampleSwift */,
				331D12DB2930B7A100197556 /* Products */,
				33C13278293753D200440610 /* Frameworks */,
			);
			sourceTree = "<group>";
		};
		331D12DB2930B7A100197556 /* Products */ = {
			isa = PBXGroup;
			children = (
				331D12DA2930B7A100197556 /* UHFSampleSwift.app */,
			);
			name = Products;
			sourceTree = "<group>";
		};
		331D12DC2930B7A100197556 /* UHFSampleSwift */ = {
			isa = PBXGroup;
			children = (
				33C1327B2937553A00440610 /* Extension */,
				33C132662936FB7E00440610 /* Model */,
				33C132652936FB7600440610 /* ViewModel */,
				33C132642936FB6C00440610 /* View */,
				331D12DD2930B7A100197556 /* AppDelegate.swift */,
				331D12DF2930B7A100197556 /* SceneDelegate.swift */,
				331D12E62930B7A300197556 /* Assets.xcassets */,
				331D12EB2930B7A300197556 /* Info.plist */,
				33A459CF2935D90500090C37 /* SDK-Bridging-Header.h */,
			);
			path = UHFSampleSwift;
			sourceTree = "<group>";
		};
		33C132642936FB6C00440610 /* View */ = {
			isa = PBXGroup;
			children = (
				331D12E32930B7A100197556 /* Main.storyboard */,
				331D12E82930B7A300197556 /* LaunchScreen.storyboard */,
			);
			path = View;
			sourceTree = "<group>";
		};
		33C132652936FB7600440610 /* ViewModel */ = {
			isa = PBXGroup;
			children = (
				33A459CD2935D37400090C37 /* DeviceTableViewCell.swift */,
				33C132692936FE0F00440610 /* HomeViewModel.swift */,
				33C1326B2936FE3800440610 /* HomeViewController.swift */,
			);
			path = ViewModel;
			sourceTree = "<group>";
		};
		33C132662936FB7E00440610 /* Model */ = {
			isa = PBXGroup;
			children = (
				33E9DCDE29383A9400A9EDA7 /* AppInfo.swift */,
				33E9DCE029383BE200A9EDA7 /* BundleKey.swift */,
			);
			path = Model;
			sourceTree = "<group>";
		};
		33C13278293753D200440610 /* Frameworks */ = {
			isa = PBXGroup;
			children = (
			);
			name = Frameworks;
			sourceTree = "<group>";
		};
		33C1327B2937553A00440610 /* Extension */ = {
			isa = PBXGroup;
			children = (
				33C1327C2937554F00440610 /* Extension.swift */,
			);
			path = Extension;
			sourceTree = "<group>";
		};
/* End PBXGroup section */

/* Begin PBXNativeTarget section */
		331D12D92930B7A100197556 /* UHFSampleSwift */ = {
			isa = PBXNativeTarget;
			buildConfigurationList = 331D12EE2930B7A300197556 /* Build configuration list for PBXNativeTarget "UHFSampleSwift" */;
			buildPhases = (
				331D12D62930B7A100197556 /* Sources */,
				331D12D72930B7A100197556 /* Frameworks */,
				331D12D82930B7A100197556 /* Resources */,
				33C132762937537200440610 /* Embed Frameworks */,
			);
			buildRules = (
			);
			dependencies = (
			);
			name = UHFSampleSwift;
			packageProductDependencies = (
				33C1327029374A4200440610 /* RxCocoa */,
				33C1327229374A4200440610 /* RxSwift */,
			);
			productName = TS100SampleSwift;
			productReference = 331D12DA2930B7A100197556 /* UHFSampleSwift.app */;
			productType = "com.apple.product-type.application";
		};
/* End PBXNativeTarget section */

/* Begin PBXProject section */
		331D12D22930B7A100197556 /* Project object */ = {
			isa = PBXProject;
			attributes = {
				BuildIndependentTargetsInParallel = 1;
				LastSwiftUpdateCheck = 1330;
				LastUpgradeCheck = 1330;
				TargetAttributes = {
					331D12D92930B7A100197556 = {
						CreatedOnToolsVersion = 13.3;
					};
				};
			};
			buildConfigurationList = 331D12D52930B7A100197556 /* Build configuration list for PBXProject "UHFSampleSwift" */;
			compatibilityVersion = "Xcode 13.0";
			developmentRegion = en;
			hasScannedForEncodings = 0;
			knownRegions = (
				en,
				Base,
			);
			mainGroup = 331D12D12930B7A100197556;
			packageReferences = (
				33C1326F29374A4200440610 /* XCRemoteSwiftPackageReference "RxSwift" */,
			);
			productRefGroup = 331D12DB2930B7A100197556 /* Products */;
			projectDirPath = "";
			projectRoot = "";
			targets = (
				331D12D92930B7A100197556 /* UHFSampleSwift */,
			);
		};
/* End PBXProject section */

/* Begin PBXResourcesBuildPhase section */
		331D12D82930B7A100197556 /* Resources */ = {
			isa = PBXResourcesBuildPhase;
			buildActionMask = 2147483647;
			files = (
				331D12EA2930B7A300197556 /* LaunchScreen.storyboard in Resources */,
				331D12E72930B7A300197556 /* Assets.xcassets in Resources */,
				331D12E52930B7A100197556 /* Main.storyboard in Resources */,
			);
			runOnlyForDeploymentPostprocessing = 0;
		};
/* End PBXResourcesBuildPhase section */

/* Begin PBXSourcesBuildPhase section */
		331D12D62930B7A100197556 /* Sources */ = {
			isa = PBXSourcesBuildPhase;
			buildActionMask = 2147483647;
			files = (
				33C1326C2936FE3800440610 /* HomeViewController.swift in Sources */,
				331D12DE2930B7A100197556 /* AppDelegate.swift in Sources */,
				331D12E02930B7A100197556 /* SceneDelegate.swift in Sources */,
				33C1327D2937554F00440610 /* Extension.swift in Sources */,
				33A459CE2935D37400090C37 /* DeviceTableViewCell.swift in Sources */,
				33E9DCE129383BE200A9EDA7 /* BundleKey.swift in Sources */,
				33C1326A2936FE0F00440610 /* HomeViewModel.swift in Sources */,
				33E9DCDF29383A9400A9EDA7 /* AppInfo.swift in Sources */,
			);
			runOnlyForDeploymentPostprocessing = 0;
		};
/* End PBXSourcesBuildPhase section */

/* Begin PBXVariantGroup section */
		331D12E32930B7A100197556 /* Main.storyboard */ = {
			isa = PBXVariantGroup;
			children = (
				331D12E42930B7A100197556 /* Base */,
			);
			name = Main.storyboard;
			sourceTree = "<group>";
		};
		331D12E82930B7A300197556 /* LaunchScreen.storyboard */ = {
			isa = PBXVariantGroup;
			children = (
				331D12E92930B7A300197556 /* Base */,
			);
			name = LaunchScreen.storyboard;
			sourceTree = "<group>";
		};
/* End PBXVariantGroup section */

/* Begin XCBuildConfiguration section */
		331D12EC2930B7A300197556 /* Debug */ = {
			isa = XCBuildConfiguration;
			buildSettings = {
				ALWAYS_SEARCH_USER_PATHS = NO;
				CLANG_ANALYZER_NONNULL = YES;
				CLANG_ANALYZER_NUMBER_OBJECT_CONVERSION = YES_AGGRESSIVE;
				CLANG_CXX_LANGUAGE_STANDARD = "gnu++17";
				CLANG_ENABLE_MODULES = YES;
				CLANG_ENABLE_OBJC_ARC = YES;
				CLANG_ENABLE_OBJC_WEAK = YES;
				CLANG_WARN_BLOCK_CAPTURE_AUTORELEASING = YES;
				CLANG_WARN_BOOL_CONVERSION = YES;
				CLANG_WARN_COMMA = YES;
				CLANG_WARN_CONSTANT_CONVERSION = YES;
				CLANG_WARN_DEPRECATED_OBJC_IMPLEMENTATIONS = YES;
				CLANG_WARN_DIRECT_OBJC_ISA_USAGE = YES_ERROR;
				CLANG_WARN_DOCUMENTATION_COMMENTS = YES;
				CLANG_WARN_EMPTY_BODY = YES;
				CLANG_WARN_ENUM_CONVERSION = YES;
				CLANG_WARN_INFINITE_RECURSION = YES;
				CLANG_WARN_INT_CONVERSION = YES;
				CLANG_WARN_NON_LITERAL_NULL_CONVERSION = YES;
				CLANG_WARN_OBJC_IMPLICIT_RETAIN_SELF = YES;
				CLANG_WARN_OBJC_LITERAL_CONVERSION = YES;
				CLANG_WARN_OBJC_ROOT_CLASS = YES_ERROR;
				CLANG_WARN_QUOTED_INCLUDE_IN_FRAMEWORK_HEADER = YES;
				CLANG_WARN_RANGE_LOOP_ANALYSIS = YES;
				CLANG_WARN_STRICT_PROTOTYPES = YES;
				CLANG_WARN_SUSPICIOUS_MOVE = YES;
				CLANG_WARN_UNGUARDED_AVAILABILITY = YES_AGGRESSIVE;
				CLANG_WARN_UNREACHABLE_CODE = YES;
				CLANG_WARN__DUPLICATE_METHOD_MATCH = YES;
				COPY_PHASE_STRIP = NO;
				DEBUG_INFORMATION_FORMAT = dwarf;
				ENABLE_STRICT_OBJC_MSGSEND = YES;
				ENABLE_TESTABILITY = YES;
				GCC_C_LANGUAGE_STANDARD = gnu11;
				GCC_DYNAMIC_NO_PIC = NO;
				GCC_NO_COMMON_BLOCKS = YES;
				GCC_OPTIMIZATION_LEVEL = 0;
				GCC_PREPROCESSOR_DEFINITIONS = (
					"DEBUG=1",
					"$(inherited)",
				);
				GCC_WARN_64_TO_32_BIT_CONVERSION = YES;
				GCC_WARN_ABOUT_RETURN_TYPE = YES_ERROR;
				GCC_WARN_UNDECLARED_SELECTOR = YES;
				GCC_WARN_UNINITIALIZED_AUTOS = YES_AGGRESSIVE;
				GCC_WARN_UNUSED_FUNCTION = YES;
				GCC_WARN_UNUSED_VARIABLE = YES;
				IPHONEOS_DEPLOYMENT_TARGET = 14.0;
				MTL_ENABLE_DEBUG_INFO = INCLUDE_SOURCE;
				MTL_FAST_MATH = YES;
				ONLY_ACTIVE_ARCH = YES;
				SDKROOT = iphoneos;
				SWIFT_ACTIVE_COMPILATION_CONDITIONS = DEBUG;
				SWIFT_OPTIMIZATION_LEVEL = "-Onone";
			};
			name = Debug;
		};
		331D12ED2930B7A300197556 /* Release */ = {
			isa = XCBuildConfiguration;
			buildSettings = {
				ALWAYS_SEARCH_USER_PATHS = NO;
				CLANG_ANALYZER_NONNULL = YES;
				CLANG_ANALYZER_NUMBER_OBJECT_CONVERSION = YES_AGGRESSIVE;
				CLANG_CXX_LANGUAGE_STANDARD = "gnu++17";
				CLANG_ENABLE_MODULES = YES;
				CLANG_ENABLE_OBJC_ARC = YES;
				CLANG_ENABLE_OBJC_WEAK = YES;
				CLANG_WARN_BLOCK_CAPTURE_AUTORELEASING = YES;
				CLANG_WARN_BOOL_CONVERSION = YES;
				CLANG_WARN_COMMA = YES;
				CLANG_WARN_CONSTANT_CONVERSION = YES;
				CLANG_WARN_DEPRECATED_OBJC_IMPLEMENTATIONS = YES;
				CLANG_WARN_DIRECT_OBJC_ISA_USAGE = YES_ERROR;
				CLANG_WARN_DOCUMENTATION_COMMENTS = YES;
				CLANG_WARN_EMPTY_BODY = YES;
				CLANG_WARN_ENUM_CONVERSION = YES;
				CLANG_WARN_INFINITE_RECURSION = YES;
				CLANG_WARN_INT_CONVERSION = YES;
				CLANG_WARN_NON_LITERAL_NULL_CONVERSION = YES;
				CLANG_WARN_OBJC_IMPLICIT_RETAIN_SELF = YES;
				CLANG_WARN_OBJC_LITERAL_CONVERSION = YES;
				CLANG_WARN_OBJC_ROOT_CLASS = YES_ERROR;
				CLANG_WARN_QUOTED_INCLUDE_IN_FRAMEWORK_HEADER = YES;
				CLANG_WARN_RANGE_LOOP_ANALYSIS = YES;
				CLANG_WARN_STRICT_PROTOTYPES = YES;
				CLANG_WARN_SUSPICIOUS_MOVE = YES;
				CLANG_WARN_UNGUARDED_AVAILABILITY = YES_AGGRESSIVE;
				CLANG_WARN_UNREACHABLE_CODE = YES;
				CLANG_WARN__DUPLICATE_METHOD_MATCH = YES;
				COPY_PHASE_STRIP = NO;
				DEBUG_INFORMATION_FORMAT = "dwarf-with-dsym";
				ENABLE_NS_ASSERTIONS = NO;
				ENABLE_STRICT_OBJC_MSGSEND = YES;
				GCC_C_LANGUAGE_STANDARD = gnu11;
				GCC_NO_COMMON_BLOCKS = YES;
				GCC_WARN_64_TO_32_BIT_CONVERSION = YES;
				GCC_WARN_ABOUT_RETURN_TYPE = YES_ERROR;
				GCC_WARN_UNDECLARED_SELECTOR = YES;
				GCC_WARN_UNINITIALIZED_AUTOS = YES_AGGRESSIVE;
				GCC_WARN_UNUSED_FUNCTION = YES;
				GCC_WARN_UNUSED_VARIABLE = YES;
				IPHONEOS_DEPLOYMENT_TARGET = 14.0;
				MTL_ENABLE_DEBUG_INFO = NO;
				MTL_FAST_MATH = YES;
				SDKROOT = iphoneos;
				SWIFT_COMPILATION_MODE = wholemodule;
				SWIFT_OPTIMIZATION_LEVEL = "-O";
				VALIDATE_PRODUCT = YES;
			};
			name = Release;
		};
		331D12EF2930B7A300197556 /* Debug */ = {
			isa = XCBuildConfiguration;
			buildSettings = {
				ASSETCATALOG_COMPILER_APPICON_NAME = AppIcon;
				ASSETCATALOG_COMPILER_GLOBAL_ACCENT_COLOR_NAME = AccentColor;
				CODE_SIGN_STYLE = Automatic;
				CURRENT_PROJECT_VERSION = 1;
				DEVELOPMENT_TEAM = SJGX2HQEE9;
				FRAMEWORK_SEARCH_PATHS = (
					"$(inherited)",
					"$(PROJECT_DIR)",
				);
				GENERATE_INFOPLIST_FILE = YES;
				INFOPLIST_FILE = UHFSampleSwift/Info.plist;
				INFOPLIST_KEY_NSBluetoothAlwaysUsageDescription = "Enable Bluetooth";
				INFOPLIST_KEY_UIApplicationSupportsIndirectInputEvents = YES;
				INFOPLIST_KEY_UILaunchStoryboardName = LaunchScreen;
				INFOPLIST_KEY_UIMainStoryboardFile = Main;
				INFOPLIST_KEY_UISupportedInterfaceOrientations = UIInterfaceOrientationPortrait;
				LD_RUNPATH_SEARCH_PATHS = (
					"$(inherited)",
					"@executable_path/Frameworks",
				);
				MARKETING_VERSION = 1.0.0;
				PRODUCT_BUNDLE_IDENTIFIER = com.gigatms.UHFSampleSwift;
				PRODUCT_NAME = "$(TARGET_NAME)";
				SWIFT_EMIT_LOC_STRINGS = YES;
				SWIFT_OBJC_BRIDGING_HEADER = "$(SRCROOT)/UHFSampleSwift/SDK-Bridging-Header.h";
				SWIFT_VERSION = 5.0;
				TARGETED_DEVICE_FAMILY = "1,2";
			};
			name = Debug;
		};
		331D12F02930B7A300197556 /* Release */ = {
			isa = XCBuildConfiguration;
			buildSettings = {
				ASSETCATALOG_COMPILER_APPICON_NAME = AppIcon;
				ASSETCATALOG_COMPILER_GLOBAL_ACCENT_COLOR_NAME = AccentColor;
				CODE_SIGN_STYLE = Automatic;
				CURRENT_PROJECT_VERSION = 1;
				DEVELOPMENT_TEAM = SJGX2HQEE9;
				FRAMEWORK_SEARCH_PATHS = (
					"$(inherited)",
					"$(PROJECT_DIR)",
				);
				GENERATE_INFOPLIST_FILE = YES;
				INFOPLIST_FILE = UHFSampleSwift/Info.plist;
				INFOPLIST_KEY_NSBluetoothAlwaysUsageDescription = "Enable Bluetooth";
				INFOPLIST_KEY_UIApplicationSupportsIndirectInputEvents = YES;
				INFOPLIST_KEY_UILaunchStoryboardName = LaunchScreen;
				INFOPLIST_KEY_UIMainStoryboardFile = Main;
				INFOPLIST_KEY_UISupportedInterfaceOrientations = UIInterfaceOrientationPortrait;
				LD_RUNPATH_SEARCH_PATHS = (
					"$(inherited)",
					"@executable_path/Frameworks",
				);
				MARKETING_VERSION = 1.0.0;
				PRODUCT_BUNDLE_IDENTIFIER = com.gigatms.UHFSampleSwift;
				PRODUCT_NAME = "$(TARGET_NAME)";
				SWIFT_EMIT_LOC_STRINGS = YES;
				SWIFT_OBJC_BRIDGING_HEADER = "$(SRCROOT)/UHFSampleSwift/SDK-Bridging-Header.h";
				SWIFT_VERSION = 5.0;
				TARGETED_DEVICE_FAMILY = "1,2";
			};
			name = Release;
		};
/* End XCBuildConfiguration section */

/* Begin XCConfigurationList section */
		331D12D52930B7A100197556 /* Build configuration list for PBXProject "UHFSampleSwift" */ = {
			isa = XCConfigurationList;
			buildConfigurations = (
				331D12EC2930B7A300197556 /* Debug */,
				331D12ED2930B7A300197556 /* Release */,
			);
			defaultConfigurationIsVisible = 0;
			defaultConfigurationName = Release;
		};
		331D12EE2930B7A300197556 /* Build configuration list for PBXNativeTarget "UHFSampleSwift" */ = {
			isa = XCConfigurationList;
			buildConfigurations = (
				331D12EF2930B7A300197556 /* Debug */,
				331D12F02930B7A300197556 /* Release */,
			);
			defaultConfigurationIsVisible = 0;
			defaultConfigurationName = Release;
		};
/* End XCConfigurationList section */

/* Begin XCRemoteSwiftPackageReference section */
		33C1326F29374A4200440610 /* XCRemoteSwiftPackageReference "RxSwift" */ = {
			isa = XCRemoteSwiftPackageReference;
			repositoryURL = "https://github.com/ReactiveX/RxSwift";
			requirement = {
				kind = upToNextMajorVersion;
				minimumVersion = 6.0.0;
			};
		};
/* End XCRemoteSwiftPackageReference section */

/* Begin XCSwiftPackageProductDependency section */
		33C1327029374A4200440610 /* RxCocoa */ = {
			isa = XCSwiftPackageProductDependency;
			package = 33C1326F29374A4200440610 /* XCRemoteSwiftPackageReference "RxSwift" */;
			productName = RxCocoa;
		};
		33C1327229374A4200440610 /* RxSwift */ = {
			isa = XCSwiftPackageProductDependency;
			package = 33C1326F29374A4200440610 /* XCRemoteSwiftPackageReference "RxSwift" */;
			productName = RxSwift;
		};
/* End XCSwiftPackageProductDependency section */
	};
	rootObject = 331D12D22930B7A100197556 /* Project object */;
}
